
Microsoft Visual Studio Solution File, Format Version 12.00
# Visual Studio Version 16
VisualStudioVersion = 16.0.30611.23
MinimumVisualStudioVersion = 10.0.40219.1
Project("{FAE04EC0-301F-11D3-BF4B-00C04F79EFBC}") = "TestMaximum", "TestMaximum.csproj", "{161BDDA7-3BD1-46A3-8BC4-146DBDE57110}"
EndProject
Global
	GlobalSection(SolutionConfigurationPlatforms) = preSolution
		Debug|Any CPU = Debug|Any CPU
		Release|Any CPU = Release|Any CPU
	EndGlobalSection
	GlobalSection(ProjectConfigurationPlatforms) = postSolution
		{161BDDA7-3BD1-46A3-8BC4-146DBDE57110}.Debug|Any CPU.ActiveCfg = Debug|Any CPU
		{161BDDA7-3BD1-46A3-8BC4-146DBDE57110}.Debug|Any CPU.Build.0 = Debug|Any CPU
		{161BDDA7-3BD1-46A3-8BC4-146DBDE57110}.Release|Any CPU.ActiveCfg = Release|Any CPU
		{161BDDA7-3BD1-46A3-8BC4-146DBDE57110}.Release|Any CPU.Build.0 = Release|Any CPU
	EndGlobalSection
	GlobalSection(SolutionProperties) = preSolution
		HideSolutionNode = FALSE
	EndGlobalSection
	GlobalSection(ExtensibilityGlobals) = postSolution
		SolutionGuid = {4145030A-AE9D-4498-B5FA-FE9415E48B7E}
	EndGlobalSection
EndGlobal
